Microsoft Visual Studio Solution File, Format Version 12.00
# Visual Studio Version 17
VisualStudioVersion = 17.5.2.0
MinimumVisualStudioVersion = 10.0.40219.1
Project("{FAE04EC0-301F-11D3-BF4B-00C04F79EFBC}") = "SPS.App", "SPS.App.csproj", "{5788E0F8-1F3E-9BAE-31DC-E9CC08DD9021}"
EndProject
Global
	GlobalSection(SolutionConfigurationPlatforms) = preSolution
		Debug|Any CPU = Debug|Any CPU
		Release|Any CPU = Release|Any CPU
	EndGlobalSection
	GlobalSection(ProjectConfigurationPlatforms) = postSolution
		{5788E0F8-1F3E-9BAE-31DC-E9CC08DD9021}.Debug|Any CPU.ActiveCfg = Debug|Any CPU
		{5788E0F8-1F3E-9BAE-31DC-E9CC08DD9021}.Debug|Any CPU.Build.0 = Debug|Any CPU
		{5788E0F8-1F3E-9BAE-31DC-E9CC08DD9021}.Release|Any CPU.ActiveCfg = Release|Any CPU
		{5788E0F8-1F3E-9BAE-31DC-E9CC08DD9021}.Release|Any CPU.Build.0 = Release|Any CPU
	EndGlobalSection
	GlobalSection(SolutionProperties) = preSolution
		HideSolutionNode = FALSE
	EndGlobalSection
	GlobalSection(ExtensibilityGlobals) = postSolution
		SolutionGuid = {2D2C288E-EF2A-46A3-BC36-AE35BCFB1CEE}
	EndGlobalSection
EndGlobal
